
Microsoft Visual Studio Solution File, Format Version 12.00
# Visual Studio Version 17
VisualStudioVersion = 17.6.33723.286
MinimumVisualStudioVersion = 10.0.40219.1
Project("{FAE04EC0-301F-11D3-BF4B-00C04F79EFBC}") = "CurrencyConverter", "CurrencyConverter\CurrencyConverter.csproj", "{C2A07B7C-1745-4EF0-B207-D5D6454D5AF0}"
EndProject
Global
	GlobalSection(SolutionConfigurationPlatforms) = preSolution
		Debug|Any CPU = Debug|Any CPU
		Release|Any CPU = Release|Any CPU
	EndGlobalSection
	GlobalSection(ProjectConfigurationPlatforms) = postSolution
		{C2A07B7C-1745-4EF0-B207-D5D6454D5AF0}.Debug|Any CPU.ActiveCfg = Debug|Any CPU
		{C2A07B7C-1745-4EF0-B207-D5D6454D5AF0}.Debug|Any CPU.Build.0 = Debug|Any CPU
		{C2A07B7C-1745-4EF0-B207-D5D6454D5AF0}.Release|Any CPU.ActiveCfg = Release|Any CPU
		{C2A07B7C-1745-4EF0-B207-D5D6454D5AF0}.Release|Any CPU.Build.0 = Release|Any CPU
	EndGlobalSection
	GlobalSection(SolutionProperties) = preSolution
		HideSolutionNode = FALSE
	EndGlobalSection
	GlobalSection(ExtensibilityGlobals) = postSolution
		SolutionGuid = {6701BB49-7B38-4C14-A2CE-475F37C35E9B}
	EndGlobalSection
EndGlobal
